// !$*UTF8*$!
{
	archiveVersion = 1;
	classes = {
	};
	objectVersion = 55;
	objects = {

/* Begin PBXBuildFile section */
		513DCC9127CFD2FB002C57F4 /* MobileDevTestsApp.swift in Sources */ = {isa = PBXBuildFile; fileRef = 513DCC9027CFD2FB002C57F4 /* MobileDevTestsApp.swift */; };
		513DCC9327CFD2FB002C57F4 /* ContentView.swift in Sources */ = {isa = PBXBuildFile; fileRef = 513DCC9227CFD2FB002C57F4 /* ContentView.swift */; };
		513DCC9527CFD2FC002C57F4 /* Assets.xcassets in Resources */ = {isa = PBXBuildFile; fileRef = 513DCC9427CFD2FC002C57F4 /* Assets.xcassets */; };
		513DCC9827CFD2FC002C57F4 /* Preview Assets.xcassets in Resources */ = {isa = PBXBuildFile; fileRef = 513DCC9727CFD2FC002C57F4 /* Preview Assets.xcassets */; };
		513DCC9F27CFD30E002C57F4 /* ItemView.swift in Sources */ = {isa = PBXBuildFile; fileRef = 513DCC9E27CFD30E002C57F4 /* ItemView.swift */; };
		513DCCA227CFD3FF002C57F4 /* TaxView.swift in Sources */ = {isa = PBXBuildFile; fileRef = 513DCCA127CFD3FF002C57F4 /* TaxView.swift */; };
		513DCCA427CFD503002C57F4 /* MainView.swift in Sources */ = {isa = PBXBuildFile; fileRef = 513DCCA327CFD503002C57F4 /* MainView.swift */; };
		513DCCA827D09A8E002C57F4 /* Dummy.json in Resources */ = {isa = PBXBuildFile; fileRef = 513DCCA727D09A8E002C57F4 /* Dummy.json */; };
		513DCCAA27D0A14C002C57F4 /* LoginView.swift in Sources */ = {isa = PBXBuildFile; fileRef = 513DCCA927D0A14C002C57F4 /* LoginView.swift */; };
		513DCCAC27D0A162002C57F4 /* RegisterView.swift in Sources */ = {isa = PBXBuildFile; fileRef = 513DCCAB27D0A162002C57F4 /* RegisterView.swift */; };
		513DCCB127D0A35A002C57F4 /* ItemCellsView.swift in Sources */ = {isa = PBXBuildFile; fileRef = 513DCCB027D0A35A002C57F4 /* ItemCellsView.swift */; };
/* End PBXBuildFile section */

/* Begin PBXFileReference section */
		513DCC8D27CFD2FB002C57F4 /* MobileDevTests.app */ = {isa = PBXFileReference; explicitFileType = wrapper.application; includeInIndex = 0; path = MobileDevTests.app; sourceTree = BUILT_PRODUCTS_DIR; };
		513DCC9027CFD2FB002C57F4 /* MobileDevTestsApp.swift */ = {isa = PBXFileReference; lastKnownFileType = sourcecode.swift; path = MobileDevTestsApp.swift; sourceTree = "<group>"; };
		513DCC9227CFD2FB002C57F4 /* ContentView.swift */ = {isa = PBXFileReference; lastKnownFileType = sourcecode.swift; path = ContentView.swift; sourceTree = "<group>"; };
		513DCC9427CFD2FC002C57F4 /* Assets.xcassets */ = {isa = PBXFileReference; lastKnownFileType = folder.assetcatalog; path = Assets.xcassets; sourceTree = "<group>"; };
		513DCC9727CFD2FC002C57F4 /* Preview Assets.xcassets */ = {isa = PBXFileReference; lastKnownFileType = folder.assetcatalog; path = "Preview Assets.xcassets"; sourceTree = "<group>"; };
		513DCC9E27CFD30E002C57F4 /* ItemView.swift */ = {isa = PBXFileReference; lastKnownFileType = sourcecode.swift; path = ItemView.swift; sourceTree = "<group>"; };
		513DCCA127CFD3FF002C57F4 /* TaxView.swift */ = {isa = PBXFileReference; lastKnownFileType = sourcecode.swift; path = TaxView.swift; sourceTree = "<group>"; };
		513DCCA327CFD503002C57F4 /* MainView.swift */ = {isa = PBXFileReference; lastKnownFileType = sourcecode.swift; path = MainView.swift; sourceTree = "<group>"; };
		513DCCA527D05AF7002C57F4 /* Info.plist */ = {isa = PBXFileReference; lastKnownFileType = text.plist; path = Info.plist; sourceTree = "<group>"; };
		513DCCA727D09A8E002C57F4 /* Dummy.json */ = {isa = PBXFileReference; lastKnownFileType = text.json; path = Dummy.json; sourceTree = "<group>"; };
		513DCCA927D0A14C002C57F4 /* LoginView.swift */ = {isa = PBXFileReference; lastKnownFileType = sourcecode.swift; path = LoginView.swift; sourceTree = "<group>"; };
		513DCCAB27D0A162002C57F4 /* RegisterView.swift */ = {isa = PBXFileReference; lastKnownFileType = sourcecode.swift; path = RegisterView.swift; sourceTree = "<group>"; };
		513DCCB027D0A35A002C57F4 /* ItemCellsView.swift */ = {isa = PBXFileReference; lastKnownFileType = sourcecode.swift; path = ItemCellsView.swift; sourceTree = "<group>"; };
/* End PBXFileReference section */

/* Begin PBXFrameworksBuildPhase section */
		513DCC8A27CFD2FB002C57F4 /* Frameworks */ = {
			isa = PBXFrameworksBuildPhase;
			buildActionMask = 2147483647;
			files = (
			);
			runOnlyForDeploymentPostprocessing = 0;
		};
/* End PBXFrameworksBuildPhase section */

/* Begin PBXGroup section */
		513DCC8427CFD2FB002C57F4 = {
			isa = PBXGroup;
			children = (
				513DCC8F27CFD2FB002C57F4 /* MobileDevTests */,
				513DCC8E27CFD2FB002C57F4 /* Products */,
			);
			sourceTree = "<group>";
		};
		513DCC8E27CFD2FB002C57F4 /* Products */ = {
			isa = PBXGroup;
			children = (
				513DCC8D27CFD2FB002C57F4 /* MobileDevTests.app */,
			);
			name = Products;
			sourceTree = "<group>";
		};
		513DCC8F27CFD2FB002C57F4 /* MobileDevTests */ = {
			isa = PBXGroup;
			children = (
				513DCCA627D09A1E002C57F4 /* Data */,
				513DCCA527D05AF7002C57F4 /* Info.plist */,
				513DCCA027CFD3E9002C57F4 /* View */,
				513DCC9027CFD2FB002C57F4 /* MobileDevTestsApp.swift */,
				513DCC9227CFD2FB002C57F4 /* ContentView.swift */,
				513DCC9427CFD2FC002C57F4 /* Assets.xcassets */,
				513DCC9627CFD2FC002C57F4 /* Preview Content */,
			);
			path = MobileDevTests;
			sourceTree = "<group>";
		};
		513DCC9627CFD2FC002C57F4 /* Preview Content */ = {
			isa = PBXGroup;
			children = (
				513DCC9727CFD2FC002C57F4 /* Preview Assets.xcassets */,
			);
			path = "Preview Content";
			sourceTree = "<group>";
		};
		513DCCA027CFD3E9002C57F4 /* View */ = {
			isa = PBXGroup;
			children = (
				513DCCAF27D0A335002C57F4 /* Auth */,
				513DCCAE27D0A32B002C57F4 /* Tax */,
				513DCCAD27D0A323002C57F4 /* Item */,
				513DCCA327CFD503002C57F4 /* MainView.swift */,
			);
			path = View;
			sourceTree = "<group>";
		};
		513DCCA627D09A1E002C57F4 /* Data */ = {
			isa = PBXGroup;
			children = (
				513DCCA727D09A8E002C57F4 /* Dummy.json */,
			);
			path = Data;
			sourceTree = "<group>";
		};
		513DCCAD27D0A323002C57F4 /* Item */ = {
			isa = PBXGroup;
			children = (
				513DCC9E27CFD30E002C57F4 /* ItemView.swift */,
				513DCCB027D0A35A002C57F4 /* ItemCellsView.swift */,
			);
			path = Item;
			sourceTree = "<group>";
		};
		513DCCAE27D0A32B002C57F4 /* Tax */ = {
			isa = PBXGroup;
			children = (
				513DCCA127CFD3FF002C57F4 /* TaxView.swift */,
			);
			path = Tax;
			sourceTree = "<group>";
		};
		513DCCAF27D0A335002C57F4 /* Auth */ = {
			isa = PBXGroup;
			children = (
				513DCCAB27D0A162002C57F4 /* RegisterView.swift */,
				513DCCA927D0A14C002C57F4 /* LoginView.swift */,
			);
			path = Auth;
			sourceTree = "<group>";
		};
/* End PBXGroup section */

/* Begin PBXNativeTarget section */
		513DCC8C27CFD2FB002C57F4 /* MobileDevTests */ = {
			isa = PBXNativeTarget;
			buildConfigurationList = 513DCC9B27CFD2FC002C57F4 /* Build configuration list for PBXNativeTarget "MobileDevTests" */;
			buildPhases = (
				513DCC8927CFD2FB002C57F4 /* Sources */,
				513DCC8A27CFD2FB002C57F4 /* Frameworks */,
				513DCC8B27CFD2FB002C57F4 /* Resources */,
			);
			buildRules = (
			);
			dependencies = (
			);
			name = MobileDevTests;
			productName = MobileDevTests;
			productReference = 513DCC8D27CFD2FB002C57F4 /* MobileDevTests.app */;
			productType = "com.apple.product-type.application";
		};
/* End PBXNativeTarget section */

/* Begin PBXProject section */
		513DCC8527CFD2FB002C57F4 /* Project object */ = {
			isa = PBXProject;
			attributes = {
				BuildIndependentTargetsInParallel = 1;
				LastSwiftUpdateCheck = 1320;
				LastUpgradeCheck = 1320;
				TargetAttributes = {
					513DCC8C27CFD2FB002C57F4 = {
						CreatedOnToolsVersion = 13.2.1;
					};
				};
			};
			buildConfigurationList = 513DCC8827CFD2FB002C57F4 /* Build configuration list for PBXProject "MobileDevTests" */;
			compatibilityVersion = "Xcode 13.0";
			developmentRegion = en;
			hasScannedForEncodings = 0;
			knownRegions = (
				en,
				Base,
			);
			mainGroup = 513DCC8427CFD2FB002C57F4;
			productRefGroup = 513DCC8E27CFD2FB002C57F4 /* Products */;
			projectDirPath = "";
			projectRoot = "";
			targets = (
				513DCC8C27CFD2FB002C57F4 /* MobileDevTests */,
			);
		};
/* End PBXProject section */

/* Begin PBXResourcesBuildPhase section */
		513DCC8B27CFD2FB002C57F4 /* Resources */ = {
			isa = PBXResourcesBuildPhase;
			buildActionMask = 2147483647;
			files = (
				513DCCA827D09A8E002C57F4 /* Dummy.json in Resources */,
				513DCC9827CFD2FC002C57F4 /* Preview Assets.xcassets in Resources */,
				513DCC9527CFD2FC002C57F4 /* Assets.xcassets in Resources */,
			);
			runOnlyForDeploymentPostprocessing = 0;
		};
/* End PBXResourcesBuildPhase section */

/* Begin PBXSourcesBuildPhase section */
		513DCC8927CFD2FB002C57F4 /* Sources */ = {
			isa = PBXSourcesBuildPhase;
			buildActionMask = 2147483647;
			files = (
				513DCCAA27D0A14C002C57F4 /* LoginView.swift in Sources */,
				513DCCA227CFD3FF002C57F4 /* TaxView.swift in Sources */,
				513DCC9327CFD2FB002C57F4 /* ContentView.swift in Sources */,
				513DCCB127D0A35A002C57F4 /* ItemCellsView.swift in Sources */,
				513DCCAC27D0A162002C57F4 /* RegisterView.swift in Sources */,
				513DCC9F27CFD30E002C57F4 /* ItemView.swift in Sources */,
				513DCCA427CFD503002C57F4 /* MainView.swift in Sources */,
				513DCC9127CFD2FB002C57F4 /* MobileDevTestsApp.swift in Sources */,
			);
			runOnlyForDeploymentPostprocessing = 0;
		};
/* End PBXSourcesBuildPhase section */

/* Begin XCBuildConfiguration section */
		513DCC9927CFD2FC002C57F4 /* Debug */ = {
			isa = XCBuildConfiguration;
			buildSettings = {
				ALWAYS_SEARCH_USER_PATHS = NO;
				CLANG_ANALYZER_NONNULL = YES;
				CLANG_ANALYZER_NUMBER_OBJECT_CONVERSION = YES_AGGRESSIVE;
				CLANG_CXX_LANGUAGE_STANDARD = "gnu++17";
				CLANG_CXX_LIBRARY = "libc++";
				CLANG_ENABLE_MODULES = YES;
				CLANG_ENABLE_OBJC_ARC = YES;
				CLANG_ENABLE_OBJC_WEAK = YES;
				CLANG_WARN_BLOCK_CAPTURE_AUTORELEASING = YES;
				CLANG_WARN_BOOL_CONVERSION = YES;
				CLANG_WARN_COMMA = YES;
				CLANG_WARN_CONSTANT_CONVERSION = YES;
				CLANG_WARN_DEPRECATED_OBJC_IMPLEMENTATIONS = YES;
				CLANG_WARN_DIRECT_OBJC_ISA_USAGE = YES_ERROR;
				CLANG_WARN_DOCUMENTATION_COMMENTS = YES;
				CLANG_WARN_EMPTY_BODY = YES;
				CLANG_WARN_ENUM_CONVERSION = YES;
				CLANG_WARN_INFINITE_RECURSION = YES;
				CLANG_WARN_INT_CONVERSION = YES;
				CLANG_WARN_NON_LITERAL_NULL_CONVERSION = YES;
				CLANG_WARN_OBJC_IMPLICIT_RETAIN_SELF = YES;
				CLANG_WARN_OBJC_LITERAL_CONVERSION = YES;
				CLANG_WARN_OBJC_ROOT_CLASS = YES_ERROR;
				CLANG_WARN_QUOTED_INCLUDE_IN_FRAMEWORK_HEADER = YES;
				CLANG_WARN_RANGE_LOOP_ANALYSIS = YES;
				CLANG_WARN_STRICT_PROTOTYPES = YES;
				CLANG_WARN_SUSPICIOUS_MOVE = YES;
				CLANG_WARN_UNGUARDED_AVAILABILITY = YES_AGGRESSIVE;
				CLANG_WARN_UNREACHABLE_CODE = YES;
				CLANG_WARN__DUPLICATE_METHOD_MATCH = YES;
				COPY_PHASE_STRIP = NO;
				DEBUG_INFORMATION_FORMAT = dwarf;
				ENABLE_STRICT_OBJC_MSGSEND = YES;
				ENABLE_TESTABILITY = YES;
				GCC_C_LANGUAGE_STANDARD = gnu11;
				GCC_DYNAMIC_NO_PIC = NO;
				GCC_NO_COMMON_BLOCKS = YES;
				GCC_OPTIMIZATION_LEVEL = 0;
				GCC_PREPROCESSOR_DEFINITIONS = (
					"DEBUG=1",
					"$(inherited)",
				);
				GCC_WARN_64_TO_32_BIT_CONVERSION = YES;
				GCC_WARN_ABOUT_RETURN_TYPE = YES_ERROR;
				GCC_WARN_UNDECLARED_SELECTOR = YES;
				GCC_WARN_UNINITIALIZED_AUTOS = YES_AGGRESSIVE;
				GCC_WARN_UNUSED_FUNCTION = YES;
				GCC_WARN_UNUSED_VARIABLE = YES;
				IPHONEOS_DEPLOYMENT_TARGET = 15.2;
				MTL_ENABLE_DEBUG_INFO = INCLUDE_SOURCE;
				MTL_FAST_MATH = YES;
				ONLY_ACTIVE_ARCH = YES;
				SDKROOT = iphoneos;
				SWIFT_ACTIVE_COMPILATION_CONDITIONS = DEBUG;
				SWIFT_OPTIMIZATION_LEVEL = "-Onone";
			};
			name = Debug;
		};
		513DCC9A27CFD2FC002C57F4 /* Release */ = {
			isa = XCBuildConfiguration;
			buildSettings = {
				ALWAYS_SEARCH_USER_PATHS = NO;
				CLANG_ANALYZER_NONNULL = YES;
				CLANG_ANALYZER_NUMBER_OBJECT_CONVERSION = YES_AGGRESSIVE;
				CLANG_CXX_LANGUAGE_STANDARD = "gnu++17";
				CLANG_CXX_LIBRARY = "libc++";
				CLANG_ENABLE_MODULES = YES;
				CLANG_ENABLE_OBJC_ARC = YES;
				CLANG_ENABLE_OBJC_WEAK = YES;
				CLANG_WARN_BLOCK_CAPTURE_AUTORELEASING = YES;
				CLANG_WARN_BOOL_CONVERSION = YES;
				CLANG_WARN_COMMA = YES;
				CLANG_WARN_CONSTANT_CONVERSION = YES;
				CLANG_WARN_DEPRECATED_OBJC_IMPLEMENTATIONS = YES;
				CLANG_WARN_DIRECT_OBJC_ISA_USAGE = YES_ERROR;
				CLANG_WARN_DOCUMENTATION_COMMENTS = YES;
				CLANG_WARN_EMPTY_BODY = YES;
				CLANG_WARN_ENUM_CONVERSION = YES;
				CLANG_WARN_INFINITE_RECURSION = YES;
				CLANG_WARN_INT_CONVERSION = YES;
				CLANG_WARN_NON_LITERAL_NULL_CONVERSION = YES;
				CLANG_WARN_OBJC_IMPLICIT_RETAIN_SELF = YES;
				CLANG_WARN_OBJC_LITERAL_CONVERSION = YES;
				CLANG_WARN_OBJC_ROOT_CLASS = YES_ERROR;
				CLANG_WARN_QUOTED_INCLUDE_IN_FRAMEWORK_HEADER = YES;
				CLANG_WARN_RANGE_LOOP_ANALYSIS = YES;
				CLANG_WARN_STRICT_PROTOTYPES = YES;
				CLANG_WARN_SUSPICIOUS_MOVE = YES;
				CLANG_WARN_UNGUARDED_AVAILABILITY = YES_AGGRESSIVE;
				CLANG_WARN_UNREACHABLE_CODE = YES;
				CLANG_WARN__DUPLICATE_METHOD_MATCH = YES;
				COPY_PHASE_STRIP = NO;
				DEBUG_INFORMATION_FORMAT = "dwarf-with-dsym";
				ENABLE_NS_ASSERTIONS = NO;
				ENABLE_STRICT_OBJC_MSGSEND = YES;
				GCC_C_LANGUAGE_STANDARD = gnu11;
				GCC_NO_COMMON_BLOCKS = YES;
				GCC_WARN_64_TO_32_BIT_CONVERSION = YES;
				GCC_WARN_ABOUT_RETURN_TYPE = YES_ERROR;
				GCC_WARN_UNDECLARED_SELECTOR = YES;
				GCC_WARN_UNINITIALIZED_AUTOS = YES_AGGRESSIVE;
				GCC_WARN_UNUSED_FUNCTION = YES;
				GCC_WARN_UNUSED_VARIABLE = YES;
				IPHONEOS_DEPLOYMENT_TARGET = 15.2;
				MTL_ENABLE_DEBUG_INFO = NO;
				MTL_FAST_MATH = YES;
				SDKROOT = iphoneos;
				SWIFT_COMPILATION_MODE = wholemodule;
				SWIFT_OPTIMIZATION_LEVEL = "-O";
				VALIDATE_PRODUCT = YES;
			};
			name = Release;
		};
		513DCC9C27CFD2FC002C57F4 /* Debug */ = {
			isa = XCBuildConfiguration;
			buildSettings = {
				ASSETCATALOG_COMPILER_APPICON_NAME = AppIcon;
				ASSETCATALOG_COMPILER_GLOBAL_ACCENT_COLOR_NAME = AccentColor;
				CODE_SIGN_STYLE = Automatic;
				CURRENT_PROJECT_VERSION = 1;
				DEVELOPMENT_ASSET_PATHS = "\"MobileDevTests/Preview Content\"";
				DEVELOPMENT_TEAM = 7BXW7R92AH;
				ENABLE_PREVIEWS = YES;
				GENERATE_INFOPLIST_FILE = YES;
				INFOPLIST_FILE = MobileDevTests/Info.plist;
				INFOPLIST_KEY_UIApplicationSceneManifest_Generation = YES;
				INFOPLIST_KEY_UIApplicationSupportsIndirectInputEvents = YES;
				INFOPLIST_KEY_UILaunchScreen_Generation = YES;
				INFOPLIST_KEY_UISupportedInterfaceOrientations_iPad = "UIInterfaceOrientationPortrait UIInterfaceOrientationPortraitUpsideDown UIInterfaceOrientationLandscapeLeft UIInterfaceOrientationLandscapeRight";
				INFOPLIST_KEY_UISupportedInterfaceOrientations_iPhone = "UIInterfaceOrientationPortrait UIInterfaceOrientationLandscapeLeft UIInterfaceOrientationLandscapeRight";
				LD_RUNPATH_SEARCH_PATHS = (
					"$(inherited)",
					"@executable_path/Frameworks",
				);
				MARKETING_VERSION = 1.0;
				PRODUCT_BUNDLE_IDENTIFIER = AppleDeveloper.MobileDevTests;
				PRODUCT_NAME = "$(TARGET_NAME)";
				SWIFT_EMIT_LOC_STRINGS = YES;
				SWIFT_VERSION = 5.0;
				TARGETED_DEVICE_FAMILY = "1,2";
			};
			name = Debug;
		};
		513DCC9D27CFD2FC002C57F4 /* Release */ = {
			isa = XCBuildConfiguration;
			buildSettings = {
				ASSETCATALOG_COMPILER_APPICON_NAME = AppIcon;
				ASSETCATALOG_COMPILER_GLOBAL_ACCENT_COLOR_NAME = AccentColor;
				CODE_SIGN_STYLE = Automatic;
				CURRENT_PROJECT_VERSION = 1;
				DEVELOPMENT_ASSET_PATHS = "\"MobileDevTests/Preview Content\"";
				DEVELOPMENT_TEAM = 7BXW7R92AH;
				ENABLE_PREVIEWS = YES;
				GENERATE_INFOPLIST_FILE = YES;
				INFOPLIST_FILE = MobileDevTests/Info.plist;
				INFOPLIST_KEY_UIApplicationSceneManifest_Generation = YES;
				INFOPLIST_KEY_UIApplicationSupportsIndirectInputEvents = YES;
				INFOPLIST_KEY_UILaunchScreen_Generation = YES;
				INFOPLIST_KEY_UISupportedInterfaceOrientations_iPad = "UIInterfaceOrientationPortrait UIInterfaceOrientationPortraitUpsideDown UIInterfaceOrientationLandscapeLeft UIInterfaceOrientationLandscapeRight";
				INFOPLIST_KEY_UISupportedInterfaceOrientations_iPhone = "UIInterfaceOrientationPortrait UIInterfaceOrientationLandscapeLeft UIInterfaceOrientationLandscapeRight";
				LD_RUNPATH_SEARCH_PATHS = (
					"$(inherited)",
					"@executable_path/Frameworks",
				);
				MARKETING_VERSION = 1.0;
				PRODUCT_BUNDLE_IDENTIFIER = AppleDeveloper.MobileDevTests;
				PRODUCT_NAME = "$(TARGET_NAME)";
				SWIFT_EMIT_LOC_STRINGS = YES;
				SWIFT_VERSION = 5.0;
				TARGETED_DEVICE_FAMILY = "1,2";
			};
			name = Release;
		};
/* End XCBuildConfiguration section */

/* Begin XCConfigurationList section */
		513DCC8827CFD2FB002C57F4 /* Build configuration list for PBXProject "MobileDevTests" */ = {
			isa = XCConfigurationList;
			buildConfigurations = (
				513DCC9927CFD2FC002C57F4 /* Debug */,
				513DCC9A27CFD2FC002C57F4 /* Release */,
			);
			defaultConfigurationIsVisible = 0;
			defaultConfigurationName = Release;
		};
		513DCC9B27CFD2FC002C57F4 /* Build configuration list for PBXNativeTarget "MobileDevTests" */ = {
			isa = XCConfigurationList;
			buildConfigurations = (
				513DCC9C27CFD2FC002C57F4 /* Debug */,
				513DCC9D27CFD2FC002C57F4 /* Release */,
			);
			defaultConfigurationIsVisible = 0;
			defaultConfigurationName = Release;
		};
/* End XCConfigurationList section */
	};
	rootObject = 513DCC8527CFD2FB002C57F4 /* Project object */;
}
